{
  "version": "2",
  "remote": {
    "https://deno.land/std@0.150.0/media_types/_util.ts": "ce9b4fc4ba1c447dafab619055e20fd88236ca6bdd7834a21f98bd193c3fbfa1",
    "https://deno.land/std@0.150.0/media_types/mod.ts": "2d4b6f32a087029272dc59e0a55ae3cc4d1b27b794ccf528e94b1925795b3118",
    "https://deno.land/std@0.150.0/media_types/vendor/mime-db.v1.52.0.ts": "724cee25fa40f1a52d3937d6b4fbbfdd7791ff55e1b7ac08d9319d5632c7f5af",
    "https://deno.land/std@0.168.0/async/abortable.ts": "80b2ac399f142cc528f95a037a7d0e653296352d95c681e284533765961de409",
    "https://deno.land/std@0.168.0/async/deadline.ts": "2c2deb53c7c28ca1dda7a3ad81e70508b1ebc25db52559de6b8636c9278fd41f",
    "https://deno.land/std@0.168.0/async/debounce.ts": "60301ffb37e730cd2d6f9dadfd0ecb2a38857681bd7aaf6b0a106b06e5210a98",
    "https://deno.land/std@0.168.0/async/deferred.ts": "77d3f84255c3627f1cc88699d8472b664d7635990d5358c4351623e098e917d6",
    "https://deno.land/std@0.168.0/async/delay.ts": "5a9bfba8de38840308a7a33786a0155a7f6c1f7a859558ddcec5fe06e16daf57",
    "https://deno.land/std@0.168.0/async/mod.ts": "7809ad4bb223e40f5fdc043e5c7ca04e0e25eed35c32c3c32e28697c553fa6d9",
    "https://deno.land/std@0.168.0/async/mux_async_iterator.ts": "770a0ff26c59f8bbbda6b703a2235f04e379f73238e8d66a087edc68c2a2c35f",
    "https://deno.land/std@0.168.0/async/pool.ts": "6854d8cd675a74c73391c82005cbbe4cc58183bddcd1fbbd7c2bcda42b61cf69",
    "https://deno.land/std@0.168.0/async/retry.ts": "e8e5173623915bbc0ddc537698fa418cf875456c347eda1ed453528645b42e67",
    "https://deno.land/std@0.168.0/async/tee.ts": "3a47cc4e9a940904fd4341f0224907e199121c80b831faa5ec2b054c6d2eff5e",
    "https://deno.land/std@0.168.0/http/server.ts": "e99c1bee8a3f6571ee4cdeb2966efad465b8f6fe62bec1bdb59c1f007cc4d155",
    "https://deno.land/x/xhr@0.3.0/mod.ts": "094aacd627fd9635cd942053bf8032b5223b909858fa9dc8ffa583752ff63b20",
    "https://esm.sh/@chakra-ui/react@2.8.0": "d499066f6981f20bac28d61e934c595126c6b3180179a80d0f22678c72423168",
    "https://esm.sh/@huggingface/inference@2.6.1": "f42eedd3d579745d9ed1bde723ec5e883872cfe2e40007ac1f4e8aaef028676f",
    "https://esm.sh/@supabase/supabase-js@2.26.0": "ba1850042eb1fa13630636451df7de1653a5c79d5df7b8ce353cc6c81e7a1ed9",
    "https://esm.sh/@supabase/supabase-js@2.31.0": "8991b7ee3061adf43b983d70700d04d42666251cc6e0af4f9e1770d1e2287dc2",
    "https://esm.sh/ai@2.1.28": "a6631b9cafde51592ece76375c310446eed8619a55029721e39714fbea960020",
    "https://esm.sh/json-schema@0.4.0": "342554b73971e7bfb3915e9a168b78c878b4cff74e63294186607d2852c4bd67",
    "https://esm.sh/openai-edge@1.2.0": "801e19b900af1b9ed8e5492fa043926949c5c9dce70b3b1c017226d6a0880cb5",
    "https://esm.sh/stable/react@18.2.0/denonext/jsx-runtime.js": "54d8a51c6ca025380abd2d5302e4a9b38ff835d9759c4657e52314f587eaf6bf",
    "https://esm.sh/stable/react@18.2.0/denonext/react.mjs": "3c4f23bcfc53b256fcfaf6f834fa9f584c3bb7be667b2682c6cb6ba8ef88f8e6",
    "https://esm.sh/v128/@huggingface/inference@2.6.1/denonext/inference.mjs": "e8f0b3d69e2d4d44948fa1a6ae8c069338c9b34fa68a6c679b60c9dc43dfe83c",
    "https://esm.sh/v128/@supabase/functions-js@2.1.2/denonext/functions-js.mjs": "7a2eec32041447075e4909915e96b0a9468ce7a726d8f09eac621b32337f5d2c",
    "https://esm.sh/v128/@supabase/gotrue-js@2.37.0/denonext/gotrue-js.mjs": "c079338e146a7a36871706826736ad15ce059b291b09972fd00078cc30c9d586",
    "https://esm.sh/v128/@supabase/postgrest-js@1.7.1/denonext/postgrest-js.mjs": "8fd47723063ee395a9d1b301689e422f7d75b7f520bf2b1c73464fa54a8c05fd",
    "https://esm.sh/v128/@supabase/realtime-js@2.7.3/denonext/realtime-js.mjs": "abba1b90c1356ad509d844c98ee2287cbb85eaf1d369580cad383c830fe890d7",
    "https://esm.sh/v128/@supabase/storage-js@2.5.1/denonext/storage-js.mjs": "f592da18a4a21342e2473f98af8bf2d4364c4b66e44d64a3be236c74b3e9f377",
    "https://esm.sh/v128/@supabase/supabase-js@2.26.0/denonext/supabase-js.mjs": "d5b945c1eec14a273efee3b16b568d6baa397bc7f283c297e7ef7b01724d64ff",
    "https://esm.sh/v128/cross-fetch@3.1.7/denonext/cross-fetch.mjs": "f932dd6bfa0e1b031d7d18dc753f3f8c5d53cb31b35239d4153ed6c72d69f92a",
    "https://esm.sh/v128/cross-fetch@3.1.8/denonext/cross-fetch.mjs": "8fba9e7c3fbaf0d2168beb63ce0cd21b5bfbfbd77e2fcbf8d957d533a71222f6",
    "https://esm.sh/v128/es5-ext@0.10.62/denonext/global.js": "2f51d9acef1f761faaa542da919b3c747744ea29fe709d0a904fd531716a93d6",
    "https://esm.sh/v128/openai-edge@1.2.0/denonext/openai-edge.mjs": "a78cc1c5a7124a493e6d6093ea77bda2c310c48a199544bbf17fcda8c4e1d9ed",
    "https://esm.sh/v128/websocket@1.0.34/denonext/websocket.mjs": "568de58cd68c17857b0c2a7d8cd490720e37b9e6299b09332b70a6f57681ac5c",
    "https://esm.sh/v130/@babel/runtime@7.22.6/denonext/helpers/esm/defineProperty.js": "117c72d27300a9726054ba49bef856bea93c2379c06063379280ed91de0f5a4c",
    "https://esm.sh/v130/@babel/runtime@7.22.6/denonext/helpers/esm/extends.js": "5c0c0785a3d65062a3a56391e45b6330ebf4abb153d422b55eb524cbc60fdcad",
    "https://esm.sh/v130/@babel/runtime@7.22.6/denonext/helpers/esm/inheritsLoose.js": "1116ce8cc2609d5f3efce5ccd524b476ed2fff316fc2b43a70c485ca51bb6cac",
    "https://esm.sh/v130/@babel/runtime@7.22.6/denonext/helpers/esm/objectWithoutPropertiesLoose.js": "ddf5c649345cf050e1aa01750d3a043dd91f85901ca4a531047af8353a8355a7",
    "https://esm.sh/v130/@babel/runtime@7.22.6/denonext/helpers/extends.js": "73142ab9b2860f6b7ef6b1319391d3d4dd8f4e8021b44498e25cee8c1a04597b",
    "https://esm.sh/v130/@chakra-ui/accordion@2.3.0/denonext/accordion.mjs": "fc0cce1b9460d8b579ac78ca6db502889fe9494dd6e23f2c621024298c759abd",
    "https://esm.sh/v130/@chakra-ui/alert@2.2.0/denonext/alert.mjs": "3a498e71ded861ce3644997f3bc1f2290a4f222fb70c90fc88a8aaadb2e9abb8",
    "https://esm.sh/v130/@chakra-ui/anatomy@2.2.0/denonext/anatomy.mjs": "aa6734171815675b69f2a15bf225322e1285c5afa2e19df22a19d1db6cf2da70",
    "https://esm.sh/v130/@chakra-ui/avatar@2.3.0/denonext/avatar.mjs": "a20bb8844ed8f4eaeca8ace4a012b08bb92fe93299585039b53ac047675922da",
    "https://esm.sh/v130/@chakra-ui/breadcrumb@2.2.0/denonext/breadcrumb.mjs": "a8397f6a5e91f45214dfbf2f5ca19298372bde893f7c4beb39577f9fe247b88b",
    "https://esm.sh/v130/@chakra-ui/breakpoint-utils@2.0.8/denonext/breakpoint-utils.mjs": "42fd1705ed8488e621d4d1c41b5328f9aa7bca47334b25562c26e9e166ac8f6c",
    "https://esm.sh/v130/@chakra-ui/button@2.1.0/denonext/button.mjs": "a2e97354ed2909933c003880fe69c958517cd1b38ebc4d3e8e568635dd1b259b",
    "https://esm.sh/v130/@chakra-ui/card@2.2.0/denonext/card.mjs": "f9ca6c38a0e4f07e7d8aeba774ec72d573f3c7c26860d316549f2bbc25a85005",
    "https://esm.sh/v130/@chakra-ui/checkbox@2.3.0/denonext/checkbox.mjs": "b394a1de92b1e9cd2970aae466d8b5d868d5c5fb8b6446942df747cee4930081",
    "https://esm.sh/v130/@chakra-ui/clickable@2.1.0/denonext/clickable.mjs": "adcdd4f4c18bda0288a564567de04285e9e55a593288ea3a22ed5da7f5f09585",
    "https://esm.sh/v130/@chakra-ui/close-button@2.1.0/denonext/close-button.mjs": "eebb1f94e3b287f7469f904dbb09438c2d0121b6fcf3bb3a58b882c6adeed368",
    "https://esm.sh/v130/@chakra-ui/color-mode@2.2.0/denonext/color-mode.mjs": "c1b86351f4c3cbbb0c2adcfe2a278fca49d1ac96e85dea7d00b861f91afdf827",
    "https://esm.sh/v130/@chakra-ui/control-box@2.1.0/denonext/control-box.mjs": "24a0bf0c02b784f6b2a32c5c908a4687d615b7177dedb46415c8cad853d88514",
    "https://esm.sh/v130/@chakra-ui/counter@2.1.0/denonext/counter.mjs": "6a5b45c29310a9b940c2121f093145e416fe66dccd0e73851668b003c836d9c1",
    "https://esm.sh/v130/@chakra-ui/css-reset@2.2.0/denonext/css-reset.mjs": "0e2465bc27a4e14276e3d3535dbecf3bac3dee1cae8fa25483154ed20587c0fa",
    "https://esm.sh/v130/@chakra-ui/descendant@3.1.0/denonext/descendant.mjs": "868dbb9f7a8416851a2da41caff4aa88d6db1bef6e426df527182cec69b2d5bb",
    "https://esm.sh/v130/@chakra-ui/dom-utils@2.1.0/denonext/dom-utils.mjs": "c37fcb69db030c80a2fd872c9bdeae690f809a0ac242f83875c19fed7f43b6fc",
    "https://esm.sh/v130/@chakra-ui/editable@3.1.0/denonext/editable.mjs": "12de3fa16471a38ef8b8872ad3b93cab0bd624b16e00b0b13b495a7ffe1292b3",
    "https://esm.sh/v130/@chakra-ui/event-utils@2.0.8/denonext/event-utils.mjs": "1a78dec431806849109fce6ada97c668fc0c93eab9c7dac91140abcc06a564cf",
    "https://esm.sh/v130/@chakra-ui/focus-lock@2.1.0/denonext/focus-lock.mjs": "dbb91655047be6d75b962088e65f116714ce80e975c54c95dd003df1f7fd409d",
    "https://esm.sh/v130/@chakra-ui/form-control@2.1.0/denonext/form-control.mjs": "fe7aae64b86b1dd07d32b0908c4ce99481d141b8812f38f29beee1215f67cf6a",
    "https://esm.sh/v130/@chakra-ui/hooks@2.2.0/denonext/hooks.mjs": "f633a0de331c9e3412c7c6cd531658462189c45e6782ff03da7968fccd0429ef",
    "https://esm.sh/v130/@chakra-ui/icon@3.1.0/denonext/icon.mjs": "35bac93e4d530536c90700db9e2a35bf4d574e186e323a1af337077d0898cb10",
    "https://esm.sh/v130/@chakra-ui/image@2.1.0/denonext/image.mjs": "eb26aaa4424d9fcd915aff1606fb393fc58e6ddaaf342e63fd6b5cdfc9bfc4aa",
    "https://esm.sh/v130/@chakra-ui/input@2.1.0/denonext/input.mjs": "c18aa3351a00320c13b77648c4ede237a9986f7c0fda0d0da435f5f81c10f2b1",
    "https://esm.sh/v130/@chakra-ui/layout@2.3.0/denonext/layout.mjs": "e537bbbdb16baf9780aa5a5b87f9a445eb378c252175be9cc098a59abbf2f417",
    "https://esm.sh/v130/@chakra-ui/lazy-utils@2.0.5/denonext/lazy-utils.mjs": "9ea4107f71a20510977cfa8a075da0f2b5d0795e9ee95bf4bf62b8e73fea8759",
    "https://esm.sh/v130/@chakra-ui/media-query@3.3.0/denonext/media-query.mjs": "6d15c66df6f1f07d5f74ee4293ab48410f09ab7af1c2216edfa22ab7dda8ab72",
    "https://esm.sh/v130/@chakra-ui/menu@2.2.0/denonext/menu.mjs": "4f3812b10d3d40b834868ecbde41b1e4da95a6e1965124ebbb3dcbee1d019d66",
    "https://esm.sh/v130/@chakra-ui/modal@2.3.0/denonext/modal.mjs": "d30ca2a7603984b64598912d14339f46a219e13bbbb3452070952b70c6ef83de",
    "https://esm.sh/v130/@chakra-ui/number-input@2.1.0/denonext/number-input.mjs": "71de8960da436913645ed85aa65e7a1efbb7d906ce626c97667053ac546aae94",
    "https://esm.sh/v130/@chakra-ui/number-utils@2.0.7/denonext/number-utils.mjs": "8bf91e84abeb3b4b992f911d4dd975e8728d9ebf2a6e08270580dad1cb5337c6",
    "https://esm.sh/v130/@chakra-ui/object-utils@2.1.0/denonext/object-utils.mjs": "e6e8215a648df9c3ac29447dd44c78441c862c274113b060e50b33ddb9c0fea9",
    "https://esm.sh/v130/@chakra-ui/pin-input@2.1.0/denonext/pin-input.mjs": "6be850d200013b408cbabd4199d55990572132d3a848439b1767e260e50f97c9",
    "https://esm.sh/v130/@chakra-ui/popover@2.2.0/denonext/popover.mjs": "c5a5d80f171e6e737687b17e236040a08096712fc10ca181505714d6307e2a00",
    "https://esm.sh/v130/@chakra-ui/popper@3.1.0/denonext/popper.mjs": "2b62c2828bf5380ddb1dea538a97d91df7e3069e45b09007476b738c1fbb46ba",
    "https://esm.sh/v130/@chakra-ui/portal@2.1.0/denonext/portal.mjs": "f3a0e54fac33e970f32e6e8ee55380e6cfd800aab8e378263b2759a0d3610e6d",
    "https://esm.sh/v130/@chakra-ui/progress@2.2.0/denonext/progress.mjs": "33f2d9f47227c1d0d3755ce4ff3c2760301575f829632a73fe2e0b369b30a77c",
    "https://esm.sh/v130/@chakra-ui/provider@2.4.0/denonext/provider.mjs": "deec0f9cc8ecd0fcc12d6fea74a00e164d3383a5a3e79b2ce0830a804252d991",
    "https://esm.sh/v130/@chakra-ui/radio@2.1.0/denonext/radio.mjs": "2e3229e9c66baa5dd1766f5492c11586240f0fafa90fb4b7af0c4fab13f07db4",
    "https://esm.sh/v130/@chakra-ui/react-children-utils@2.0.6/denonext/react-children-utils.mjs": "f9ab5495adcef9b210de2e119186cdb6b7f4c9fb28cd90454b2d45388c1a3e38",
    "https://esm.sh/v130/@chakra-ui/react-context@2.1.0/denonext/react-context.mjs": "7e491c4348b436dbe782c67fcbd47937ce211803d0801393d03c3009b614b2d6",
    "https://esm.sh/v130/@chakra-ui/react-env@3.1.0/denonext/react-env.mjs": "3acbce395648a2d90417b825345ce86bd7f778c6f018e131b16e47edfaf13cd3",
    "https://esm.sh/v130/@chakra-ui/react-use-animation-state@2.1.0/denonext/react-use-animation-state.mjs": "0c9afe72fc80552dd806cbb78c69937af9c3b394d49568f44c04bdf8acb93129",
    "https://esm.sh/v130/@chakra-ui/react-use-callback-ref@2.1.0/denonext/react-use-callback-ref.mjs": "0839cbe05bbca94e5c3f55a386d7f3ff1dc835df0c2bf5de269bbfb992b450e9",
    "https://esm.sh/v130/@chakra-ui/react-use-controllable-state@2.1.0/denonext/react-use-controllable-state.mjs": "f2a46bab9410bc78ca3f461017c63e76381dab027ea4f339357c110262258b46",
    "https://esm.sh/v130/@chakra-ui/react-use-disclosure@2.1.0/denonext/react-use-disclosure.mjs": "04bcfe1f0bc856e06df3bf5f9388d1a872703332789ab1045e59a6f88984aa98",
    "https://esm.sh/v130/@chakra-ui/react-use-event-listener@2.1.0/denonext/react-use-event-listener.mjs": "da25f9ee8d2c0739645ac22062d0c8604ab7b198902871552db99b91b6a01e3d",
    "https://esm.sh/v130/@chakra-ui/react-use-focus-effect@2.1.0/denonext/react-use-focus-effect.mjs": "e5250e1a31b4781d9bb40c01215a9a105a339c095a967333bc702c5aaed781f9",
    "https://esm.sh/v130/@chakra-ui/react-use-focus-on-pointer-down@2.1.0/denonext/react-use-focus-on-pointer-down.mjs": "35bf991ad313e191c193ded46b7297a3bc10304d04692c64af38717ac06ad2ba",
    "https://esm.sh/v130/@chakra-ui/react-use-interval@2.1.0/denonext/react-use-interval.mjs": "e03ed28509bccf658ccdb08c8df3c97d41df86fcc1843b8738d3696294eb3af2",
    "https://esm.sh/v130/@chakra-ui/react-use-latest-ref@2.1.0/denonext/react-use-latest-ref.mjs": "519d612a9fda2520d989c977ec133107f46eb4e2863be76c9c7cba490446ab7d",
    "https://esm.sh/v130/@chakra-ui/react-use-merge-refs@2.1.0/denonext/react-use-merge-refs.mjs": "d7e0ea7613237664188df81786671944036151be7af5c9679c2e74b3a7c9c497",
    "https://esm.sh/v130/@chakra-ui/react-use-outside-click@2.2.0/denonext/react-use-outside-click.mjs": "f79a51fb8ed6871824c17538651b9ec745911d93fb4f940f7c12a54bf25e8d80",
    "https://esm.sh/v130/@chakra-ui/react-use-pan-event@2.1.0/denonext/react-use-pan-event.mjs": "e4793d20e012a506309feb5af3c0ad660da679b5c5ddc3f3e4240b799f98bbb3",
    "https://esm.sh/v130/@chakra-ui/react-use-previous@2.1.0/denonext/react-use-previous.mjs": "7e6329dcac02a6dd6dd31ec502ba6c04f5e6e1f6a39a402a7c50a5db6a70f05e",
    "https://esm.sh/v130/@chakra-ui/react-use-safe-layout-effect@2.1.0/denonext/react-use-safe-layout-effect.mjs": "7b3d60baf28413ed00f770083bc75111f699cbf73ea71a28caa6f333fd77b703",
    "https://esm.sh/v130/@chakra-ui/react-use-size@2.1.0/denonext/react-use-size.mjs": "f34e275a6ab903e7ae62712c287ce1357f9e134ed46fb1f99dec833ee63a590e",
    "https://esm.sh/v130/@chakra-ui/react-use-timeout@2.1.0/denonext/react-use-timeout.mjs": "4914e66c3dd59e8369e5f0f4e89fdcf90628bf275935d8afecd3bf9784dba78a",
    "https://esm.sh/v130/@chakra-ui/react-use-update-effect@2.1.0/denonext/react-use-update-effect.mjs": "1ff2450ade316361d0652bafc15836d9ec74fa8df91d486eca21b3abee6a1ec2",
    "https://esm.sh/v130/@chakra-ui/react-utils@2.0.12/denonext/react-utils.mjs": "65c51b377c1401912d0a6ad646c9018a5e1033134402a4a345ef26a7c4824948",
    "https://esm.sh/v130/@chakra-ui/react@2.8.0/denonext/react.mjs": "4a6370cad5b8bab762170321afa5476cb27c40e64651f375d9e43825f717facc",
    "https://esm.sh/v130/@chakra-ui/select@2.1.0/denonext/select.mjs": "80e4d29854aa6373cbb551493d01d6678086a7bc6a6450ad04b701c2bf1cf3fb",
    "https://esm.sh/v130/@chakra-ui/shared-utils@2.0.5/denonext/shared-utils.mjs": "f825551bc6e4dab1f52a0f9cc06b6dd568c8711b77ce8b4d7ef07651ab001504",
    "https://esm.sh/v130/@chakra-ui/skeleton@2.1.0/denonext/skeleton.mjs": "ede4006b75e35ba7ce98bd546e03a1fd378759d1e8662247cbcf14ec4fcea0d5",
    "https://esm.sh/v130/@chakra-ui/skip-nav@2.1.0/denonext/skip-nav.mjs": "ce4868398b148aff096746705cec3b97eae74a6ac62ef731dddb5291a71a61f3",
    "https://esm.sh/v130/@chakra-ui/slider@2.1.0/denonext/slider.mjs": "9c68df042c06ca232c63fd008e45b5106c3b0464e111f8d831f2688e9b24c329",
    "https://esm.sh/v130/@chakra-ui/spinner@2.1.0/denonext/spinner.mjs": "1e0fbef1b480d74ecedfa9f4cbb368a080a370e70f4095dcb1e1b37179f7dbaf",
    "https://esm.sh/v130/@chakra-ui/stat@2.1.0/denonext/stat.mjs": "df41a5a8a44fbb43a59aa7b17539acfea782db4a7639e8e3fd091073fe548bd0",
    "https://esm.sh/v130/@chakra-ui/stepper@2.3.0/denonext/stepper.mjs": "7f31803cd39a1c84a47869abe6fcb6d8d492b4bb3b3dd35ed6e46168956d30af",
    "https://esm.sh/v130/@chakra-ui/styled-system@2.9.1/denonext/styled-system.mjs": "751f7f1d5e2cba9a102116585158ccf87e70efec801136c2616f49606f8f7ba1",
    "https://esm.sh/v130/@chakra-ui/switch@2.1.0/denonext/switch.mjs": "ec3a17a52f63a59b67cd5e2844aa91f7df862a2cd0607fa44415b890ae9c3da0",
    "https://esm.sh/v130/@chakra-ui/system@2.6.0/denonext/system.mjs": "5206dfee45d4c1fae97b9ba9eec511f7c4ea8d748799e00b42937a72469c40f6",
    "https://esm.sh/v130/@chakra-ui/table@2.1.0/denonext/table.mjs": "84735e8ba86d54d6f6b0a321944e523a552c1af07a0387499df1f0da43d9db9f",
    "https://esm.sh/v130/@chakra-ui/tabs@2.2.0/denonext/tabs.mjs": "0d6aeeaa8ee2891665822b8523e9cbfe874e3bf4958db4803c0534f028e81ae2",
    "https://esm.sh/v130/@chakra-ui/tag@3.1.0/denonext/tag.mjs": "f73d5d283d44d980af1493c56971b52e2689c4c6e2ff16d8742182df65a6aa74",
    "https://esm.sh/v130/@chakra-ui/textarea@2.1.0/denonext/textarea.mjs": "ca4d6d622ac6d6e3999fa17bb3f48ae81b9a8e2b7de2376bdb33cc570006753f",
    "https://esm.sh/v130/@chakra-ui/theme-tools@2.1.0/denonext/theme-tools.mjs": "ceb22541f216c0c1eebf486f88972137c17a9ea11363a0eb2616285a3cfceb1e",
    "https://esm.sh/v130/@chakra-ui/theme-utils@2.0.19/denonext/theme-utils.mjs": "e38b15be7b70a6e453e7afa5e8856e25a934e92ae1f7e4f010e7bd8bc06e02a1",
    "https://esm.sh/v130/@chakra-ui/theme@3.2.0/denonext/theme.mjs": "449f4443ffab344144219089279fe28b935bbaa1ee3bc10757b6997afde874a7",
    "https://esm.sh/v130/@chakra-ui/toast@7.0.0/denonext/toast.mjs": "dd04e3097f92322c5e7fb53e6c283504e51397ec9055c38aaf660d75ec338cf4",
    "https://esm.sh/v130/@chakra-ui/tooltip@2.3.0/denonext/tooltip.mjs": "6ae20a869fbd0524958f81c5e9092cd7b3b1597f13982db73848af4eba7bb712",
    "https://esm.sh/v130/@chakra-ui/transition@2.1.0/denonext/transition.mjs": "75f8a03280c206bf136e5c05cdbb4bd21492f962a60e9a0a69c0dc233c96702d",
    "https://esm.sh/v130/@chakra-ui/utils@2.0.15/denonext/utils.mjs": "009b4f5e01b19216c53bddf01cb0b056e21d3deed5d52d65da6dd53850536872",
    "https://esm.sh/v130/@chakra-ui/visually-hidden@2.1.0/denonext/visually-hidden.mjs": "d01c6070e4b07e46bf1d86934f3ef069b5d643e25c194301ea5d0ce92bd13d10",
    "https://esm.sh/v130/@emotion/cache@11.11.0/denonext/cache.mjs": "6b255ac276767328fc9326e0f86a2752bc4320dddcaf9be8efc622be6ff4bb74",
    "https://esm.sh/v130/@emotion/hash@0.9.1/denonext/hash.mjs": "053b2641767105d296dd83499c10299221f68e4e09d2394bdd53db0080a7ce7d",
    "https://esm.sh/v130/@emotion/is-prop-valid@0.8.8/denonext/is-prop-valid.mjs": "e280d58c8b97380f2609e5e2f3cdd25c0b339ef3e2385612bf638ce456480ffa",
    "https://esm.sh/v130/@emotion/is-prop-valid@1.2.1/denonext/is-prop-valid.mjs": "fea50e4c0b9707f9a83be673a9693c725ea32f25fa2be07f0557856f3405902d",
    "https://esm.sh/v130/@emotion/memoize@0.7.4/denonext/memoize.mjs": "6277382492af7adec3e8a7fb3534c5d6b8ea805dd955b63c17f7c871cb2f7661",
    "https://esm.sh/v130/@emotion/memoize@0.8.1/denonext/memoize.mjs": "e40cb7a1d1dabc5a5873911b1f3551571e85b9401028540fea356a671a4d7e4f",
    "https://esm.sh/v130/@emotion/react@11.11.1/denonext/react.mjs": "c8066eb6b52bb305285f64021ccd3f3e14d0c35b807985a8888b81e38a551aa0",
    "https://esm.sh/v130/@emotion/serialize@1.1.2/denonext/serialize.mjs": "93be1d3079b95fe85af45d56dd0d8392a19e9dcccca791efd39d61c8e0517881",
    "https://esm.sh/v130/@emotion/sheet@1.2.2/denonext/sheet.mjs": "7c7bff0c59a399c3f13e903c7ca41cc7a97c1e2ada8e9b9c3cafe0eba464096d",
    "https://esm.sh/v130/@emotion/styled@11.11.0/denonext/styled.mjs": "5c28b955f1b7cc7664df200dbf91571d968803339c8b488815a92556f5ec6adf",
    "https://esm.sh/v130/@emotion/unitless@0.8.1/denonext/unitless.mjs": "8a91ddf8c10553143e87b383d23d9334637f36cccb930d7d65990f8002a6c091",
    "https://esm.sh/v130/@emotion/use-insertion-effect-with-fallbacks@1.0.1/denonext/use-insertion-effect-with-fallbacks.mjs": "0587bd1c5ce2af35fdaa4c388a3c98d7fa6b091e03d9a49ee297b6b4b942d5b2",
    "https://esm.sh/v130/@emotion/utils@1.2.1/denonext/utils.mjs": "5f6e36b10f6dd17b64c30a1b49079d5d024cff498e7900e6468b8ee93342004c",
    "https://esm.sh/v130/@emotion/weak-memoize@0.3.1/denonext/weak-memoize.mjs": "05e059e6f679168e597ee6b0dace8503031f54678460fc5f366025f40199e18e",
    "https://esm.sh/v130/@popperjs/core@2.11.8/denonext/core.mjs": "ca2fd8d4f07c3dcaf9d5ed1dbe47605246bd231f12df92caa3c78290bd0c8a21",
    "https://esm.sh/v130/@supabase/functions-js@2.1.2/denonext/functions-js.mjs": "92dc047177efa03e873a246e8424055a4927c743f3228ab3ce4341a4c8873d16",
    "https://esm.sh/v130/@supabase/gotrue-js@2.46.1/denonext/gotrue-js.mjs": "8efa6d920e443693ebb00ad1ddc425ba7050a9a533405380690f4aa4d29e1672",
    "https://esm.sh/v130/@supabase/postgrest-js@1.7.2/denonext/postgrest-js.mjs": "21d822eac6e461dc08292e6e9136b72cb8c73d8961f3a1058f5f53e4561f894c",
    "https://esm.sh/v130/@supabase/realtime-js@2.7.3/denonext/realtime-js.mjs": "a293c3b4035cee0f2d0ca8eddf978d1b05e31aaa2cd40943c0d4952ae7df9229",
    "https://esm.sh/v130/@supabase/storage-js@2.5.1/denonext/storage-js.mjs": "183bcdc6c1a0e8b10c6ac47f08ecb6a03c84ec7d134f487322174dcb42d3d0d8",
    "https://esm.sh/v130/@supabase/supabase-js@2.31.0/denonext/supabase-js.mjs": "42e298d5657d678b55bcda84f233c005830ae849ebf69d11240fb034f23a4469",
    "https://esm.sh/v130/@zag-js/dom-query@0.10.5/denonext/dom-query.mjs": "5d941306f7392927200b85813a3882a0df0f817a473bfa1f3eb74fe333f6a891",
    "https://esm.sh/v130/@zag-js/element-size@0.10.5/denonext/element-size.mjs": "f9b5ecc0035643c92b5d33bb7d003b0abda92214aacf3ae2c4ab6dd254a4ceec",
    "https://esm.sh/v130/@zag-js/focus-visible@0.10.5/denonext/focus-visible.mjs": "acd0d7080ae68bff943c3e272fe8eacbe74f4d58e01fa1e039032a05dfa952a9",
    "https://esm.sh/v130/ai@2.1.28/denonext/ai.mjs": "df166830610cb7408fbffcbb9eca0edceb276588eb8c317ba5596caba8679385",
    "https://esm.sh/v130/aria-hidden@1.2.3/denonext/aria-hidden.mjs": "38731b27604507797b5525daa9576f9e87b2aa2bbb79c6c8234a4cadceea07cd",
    "https://esm.sh/v130/color2k@2.0.2/denonext/color2k.mjs": "04b7f0841329412b7cf14103d9854f317b96b1eb2e37f59dc7242d9ffd0fce3d",
    "https://esm.sh/v130/copy-to-clipboard@3.3.3/denonext/copy-to-clipboard.mjs": "baad0f0442c758a7e6d586a9075d35c2e10bc20203db318675c8af428b51be4c",
    "https://esm.sh/v130/cross-fetch@3.1.8/denonext/cross-fetch.mjs": "8fba9e7c3fbaf0d2168beb63ce0cd21b5bfbfbd77e2fcbf8d957d533a71222f6",
    "https://esm.sh/v130/css-box-model@1.2.1/denonext/css-box-model.mjs": "4488c2bc88e8dd595441215970d062002b3b1d0cda178678b2551730900ebdb0",
    "https://esm.sh/v130/detect-node-es@1.1.0/denonext/detect-node-es.mjs": "aafa097a5b74788a9c5012d1f64014085329b495df71bef3c38887a8048932a4",
    "https://esm.sh/v130/es5-ext@0.10.62/denonext/global.js": "2f51d9acef1f761faaa542da919b3c747744ea29fe709d0a904fd531716a93d6",
    "https://esm.sh/v130/eventsource-parser@1.0.0/denonext/eventsource-parser.mjs": "a9f17b7ee7d1706f078d867de77a947daa0e3582fe668a2abad8d2f650d4b5bb",
    "https://esm.sh/v130/focus-lock@0.11.6/denonext/constants.js": "f1a227aed07669bed81d9144f75dd9374b424a0472aa92e629a4fb6eacace43e",
    "https://esm.sh/v130/focus-lock@0.11.6/denonext/focus-lock.mjs": "4c7ede7b7a93dd7ec37c0ffd201945881981801cb5ac434f68f5e2ce64a09a72",
    "https://esm.sh/v130/framer-motion@10.15.0/denonext/framer-motion.mjs": "0b8dede2bbecad98ec5b1bb76165dff766f50245f495d5d21ce34427a0088f03",
    "https://esm.sh/v130/framesync@6.1.2/denonext/framesync.mjs": "e86c35a56059000a3bd0d732bb8bed287d9fbcf398c4472c3b4aa73d9ff8505c",
    "https://esm.sh/v130/get-nonce@1.0.1/denonext/get-nonce.mjs": "0c8e525925a170d669a8d39caa0c70cd005b630bc32410d88d04796ac9ffc7b5",
    "https://esm.sh/v130/hoist-non-react-statics@3.3.2/denonext/hoist-non-react-statics.mjs": "c05feb6fdf22ab54a19cde5f4f555b4407bdce8073ac354981edeca9a7d73728",
    "https://esm.sh/v130/json-schema@0.4.0/denonext/json-schema.mjs": "41a48bdce920f69ceab755dc5b566abbb18d3cbc3fa1bdca77363b005152d495",
    "https://esm.sh/v130/lodash.mergewith@4.6.2/denonext/lodash.mergewith.mjs": "52982e0ac0db3be57b8e72cfbe69eb5cd3cb132a68eb2731ebdb89dd5596993e",
    "https://esm.sh/v130/nanoid@3.3.6/denonext/non-secure.js": "9339526d48828770370eba72bf719a40b74de0e1197d8a582c15fbd9ab837d3d",
    "https://esm.sh/v130/react-clientside-effect@1.2.6/denonext/react-clientside-effect.mjs": "d40655065ab2cce13d93b83e1fa98a00e69b64eebc3b2405e60b2ec44860ba90",
    "https://esm.sh/v130/react-dom@18.2.0/denonext/react-dom.mjs": "8aa8437540c919bff82136aa96a2a9994215e41981228e4a87ee66cc10b75ab8",
    "https://esm.sh/v130/react-fast-compare@3.2.1/denonext/react-fast-compare.mjs": "1b686a954c0a653027667e8d2f3414ce84c6d81fd359c383eec1a8c8e2cbeded",
    "https://esm.sh/v130/react-focus-lock@2.9.5/denonext/react-focus-lock.mjs": "6691e4fff359c5a2476438343e00c384b6525660ca41cc74ae473adc958b532c",
    "https://esm.sh/v130/react-is@16.13.1/denonext/react-is.mjs": "4fc2bb5cfecb53c0f28cd7b730101ff83c05ca06fdd373bc2d6a9bdf662f96d4",
    "https://esm.sh/v130/react-remove-scroll-bar@2.3.4/denonext/constants.js": "d7f3d49cfd66f95f13eddccf03f94b5197e743cabbd6781b1701ccca5a78e41f",
    "https://esm.sh/v130/react-remove-scroll-bar@2.3.4/denonext/react-remove-scroll-bar.mjs": "59e70d32f41fb743db2a5f2eaba2781563c515034d5e2fc865a7e48faf84846b",
    "https://esm.sh/v130/react-remove-scroll@2.5.6/denonext/react-remove-scroll.mjs": "67c9895daedc1b0195f3d90d3eb463522d4bc7b9cb323c37dd3b91de970964b4",
    "https://esm.sh/v130/react-style-singleton@2.2.1/denonext/react-style-singleton.mjs": "7ce5820e6afbfe23ef06b3b3cf12423ec91e065e458b432182f147c567b95638",
    "https://esm.sh/v130/scheduler@0.23.0/denonext/scheduler.mjs": "cdbc6d2823e2c6fffcb14501146ff2602a38c48d3c9dd9268f308e833ede2b49",
    "https://esm.sh/v130/stylis@4.2.0/denonext/stylis.mjs": "21dd91d4c7766307f6821cab35c798dec8d87b8212c37d82a4897b6e3405b96d",
    "https://esm.sh/v130/tiny-invariant@1.3.1/denonext/tiny-invariant.mjs": "4dc7116cab48c407dcdbd48b9ed55bbe99cbc0921df1e5bc74f02db9a62a722a",
    "https://esm.sh/v130/toggle-selection@1.0.6/denonext/toggle-selection.mjs": "a9a37c49f8c5394275074d88cb5fff3997655b06211e59ccbf178755ad7c9656",
    "https://esm.sh/v130/tslib@2.6.1/denonext/tslib.mjs": "4694ecbc32a05aa4a37497b65f3e55018c24b2a4e4f05462a7746fc4850b4791",
    "https://esm.sh/v130/use-callback-ref@1.3.0/denonext/use-callback-ref.mjs": "9893557f1fd4ac6bb5d65dcfd7377e7368a926ae66a902857d82318b3f7d9543",
    "https://esm.sh/v130/use-sidecar@1.1.2/denonext/use-sidecar.mjs": "cd65bca62e20fee84a6c1f427140eb0565dd6cd46e12845eb99258c0b1cbc699",
    "https://esm.sh/v130/websocket@1.0.34/denonext/websocket.mjs": "521c9ffa12d700b9ad6fa7bf3c9559c0726eea67162db29fc29ede813643268f"
  }
}
